
Microsoft Visual Studio Solution File, Format Version 12.00
# Visual Studio Version 17
VisualStudioVersion = 17.2.32616.157
MinimumVisualStudioVersion = 10.0.40219.1
Project("{9A19103F-16F7-4668-BE54-9A1E7A4F7556}") = "ArianaSupport.Relay", "ArianaSupport.Relay.csproj", "{A70849B8-AB2C-46D4-8C25-A2009E5DC5C3}"
EndProject
Global
	GlobalSection(SolutionConfigurationPlatforms) = preSolution
		Debug|Any CPU = Debug|Any CPU
		Release|Any CPU = Release|Any CPU
	EndGlobalSection
	GlobalSection(ProjectConfigurationPlatforms) = postSolution
		{A70849B8-AB2C-46D4-8C25-A2009E5DC5C3}.Debug|Any CPU.ActiveCfg = Debug|Any CPU
		{A70849B8-AB2C-46D4-8C25-A2009E5DC5C3}.Debug|Any CPU.Build.0 = Debug|Any CPU
		{A70849B8-AB2C-46D4-8C25-A2009E5DC5C3}.Release|Any CPU.ActiveCfg = Release|Any CPU
		{A70849B8-AB2C-46D4-8C25-A2009E5DC5C3}.Release|Any CPU.Build.0 = Release|Any CPU
	EndGlobalSection
	GlobalSection(SolutionProperties) = preSolution
		HideSolutionNode = FALSE
	EndGlobalSection
	GlobalSection(ExtensibilityGlobals) = postSolution
		SolutionGuid = {989425F1-00D0-43D7-82A1-7C9A8F10C872}
	EndGlobalSection
EndGlobal
